
Microsoft Visual Studio Solution File, Format Version 12.00
# Visual Studio Version 16
VisualStudioVersion = 16.0.31205.134
MinimumVisualStudioVersion = 10.0.40219.1
Project("{2150E333-8FDC-42A3-9474-1A3956D46DE8}") = "Flagsmith.Test", "Flagsmith.Test", "{F4674A10-0265-46DB-A2A4-24B8AD12C467}"
EndProject
Project("{9A19103F-16F7-4668-BE54-9A1E7A4F7556}") = "Flagsmith.DotnetClient", "Flagsmith-dotnetSDK\Flagsmith.DotnetClient.csproj", "{9CA35178-6B33-4E23-9D40-6D3F6EA85DAD}"
EndProject
Project("{9A19103F-16F7-4668-BE54-9A1E7A4F7556}") = "Flagsmith.Engine", "Flagsmith-engine\Flagsmith.Engine.csproj", "{794FC02C-2BB7-401F-9E38-4A0D101BDB64}"
EndProject
Project("{9A19103F-16F7-4668-BE54-9A1E7A4F7556}") = "Flagsmith.Engine.Test", "EngineTest\Flagsmith.Engine.Test.csproj", "{2884A318-D9FF-4E05-8A65-A659CFF79A30}"
EndProject
Project("{FAE04EC0-301F-11D3-BF4B-00C04F79EFBC}") = "Flagsmith.DotnetClent.Test", "Flagsmith.DotnetClent.Test\Flagsmith.DotnetClent.Test.csproj", "{89CC67B8-733B-4EE6-9FDA-CF67DA6BF0F5}"
EndProject
Global
	GlobalSection(SolutionConfigurationPlatforms) = preSolution
		Debug|Any CPU = Debug|Any CPU
		Release|Any CPU = Release|Any CPU
	EndGlobalSection
	GlobalSection(ProjectConfigurationPlatforms) = postSolution
		{9CA35178-6B33-4E23-9D40-6D3F6EA85DAD}.Debug|Any CPU.ActiveCfg = Debug|Any CPU
		{9CA35178-6B33-4E23-9D40-6D3F6EA85DAD}.Debug|Any CPU.Build.0 = Debug|Any CPU
		{9CA35178-6B33-4E23-9D40-6D3F6EA85DAD}.Release|Any CPU.ActiveCfg = Release|Any CPU
		{9CA35178-6B33-4E23-9D40-6D3F6EA85DAD}.Release|Any CPU.Build.0 = Release|Any CPU
		{794FC02C-2BB7-401F-9E38-4A0D101BDB64}.Debug|Any CPU.ActiveCfg = Debug|Any CPU
		{794FC02C-2BB7-401F-9E38-4A0D101BDB64}.Debug|Any CPU.Build.0 = Debug|Any CPU
		{794FC02C-2BB7-401F-9E38-4A0D101BDB64}.Release|Any CPU.ActiveCfg = Release|Any CPU
		{794FC02C-2BB7-401F-9E38-4A0D101BDB64}.Release|Any CPU.Build.0 = Release|Any CPU
		{2884A318-D9FF-4E05-8A65-A659CFF79A30}.Debug|Any CPU.ActiveCfg = Debug|Any CPU
		{2884A318-D9FF-4E05-8A65-A659CFF79A30}.Debug|Any CPU.Build.0 = Debug|Any CPU
		{2884A318-D9FF-4E05-8A65-A659CFF79A30}.Release|Any CPU.ActiveCfg = Release|Any CPU
		{2884A318-D9FF-4E05-8A65-A659CFF79A30}.Release|Any CPU.Build.0 = Release|Any CPU
		{89CC67B8-733B-4EE6-9FDA-CF67DA6BF0F5}.Debug|Any CPU.ActiveCfg = Debug|Any CPU
		{89CC67B8-733B-4EE6-9FDA-CF67DA6BF0F5}.Debug|Any CPU.Build.0 = Debug|Any CPU
		{89CC67B8-733B-4EE6-9FDA-CF67DA6BF0F5}.Release|Any CPU.ActiveCfg = Release|Any CPU
		{89CC67B8-733B-4EE6-9FDA-CF67DA6BF0F5}.Release|Any CPU.Build.0 = Release|Any CPU
	EndGlobalSection
	GlobalSection(SolutionProperties) = preSolution
		HideSolutionNode = FALSE
	EndGlobalSection
	GlobalSection(NestedProjects) = preSolution
		{2884A318-D9FF-4E05-8A65-A659CFF79A30} = {F4674A10-0265-46DB-A2A4-24B8AD12C467}
		{89CC67B8-733B-4EE6-9FDA-CF67DA6BF0F5} = {F4674A10-0265-46DB-A2A4-24B8AD12C467}
	EndGlobalSection
	GlobalSection(ExtensibilityGlobals) = postSolution
		SolutionGuid = {AF494801-440D-4B0B-8BF0-2EE4B398E7FD}
	EndGlobalSection
EndGlobal
